<!--
SPDX-FileCopyrightText: 2025 Legiayayana

SPDX-License-Identifier: GPL-2.0-or-later
-->

<Solution>
	<Project Path="DepotArchiver/DepotArchiver.csproj"/>
	<Project Path="DepotCommon\DepotCommon.csproj" Type="Classic C#"/>
	<Project Path="DepotHealth\DepotHealth.csproj" Type="Classic C#"/>
	<Project Path="DepotUnarchiver/DepotUnarchiver.csproj"/>
	<Project Path="DragonLib/DragonLib/DragonLib.csproj"/>
	<Project Path="PublishTarget\PublishTarget.csproj" Type="Classic C#"/>
</Solution>
