<!--
SPDX-FileCopyrightText: 2025 Legiayayana

SPDX-License-Identifier: GPL-2.0-or-later
-->

<Solution>
	<Project Path="DepotACF/DepotACF.csproj" />
	<Project Path="DepotArchiver/DepotArchiver.csproj" />
	<Project Path="DepotCommon/DepotCommon.csproj" />
	<Project Path="DepotHealth/DepotHealth.csproj" />
	<Project Path="DepotUnarchiver/DepotUnarchiver.csproj" />
	<Project Path="DragonLib/DragonLib/DragonLib.csproj" />
	<Project Path="PublishTarget/PublishTarget.csproj" />
</Solution>
